
Microsoft Visual Studio Solution File, Format Version 12.00
# Visual Studio Version 17
VisualStudioVersion = 17.6.33829.357
MinimumVisualStudioVersion = 10.0.40219.1
Project("{9A19103F-16F7-4668-BE54-9A1E7A4F7556}") = "server", "server\server.csproj", "{840AA115-ECE2-4139-AA58-C2476513A045}"
EndProject
Project("{FAE04EC0-301F-11D3-BF4B-00C04F79EFBC}") = "client", "client\client.csproj", "{3E57BBFD-D558-40ED-B019-CE15629A420B}"
EndProject
Project("{FAE04EC0-301F-11D3-BF4B-00C04F79EFBC}") = "builder", "builder\builder.csproj", "{DCCF7954-0F5E-429B-8BC7-D65333C4010B}"
EndProject
Global
	GlobalSection(SolutionConfigurationPlatforms) = preSolution
		Debug|Any CPU = Debug|Any CPU
		Release|Any CPU = Release|Any CPU
	EndGlobalSection
	GlobalSection(ProjectConfigurationPlatforms) = postSolution
		{840AA115-ECE2-4139-AA58-C2476513A045}.Debug|Any CPU.ActiveCfg = Debug|Any CPU
		{840AA115-ECE2-4139-AA58-C2476513A045}.Debug|Any CPU.Build.0 = Debug|Any CPU
		{840AA115-ECE2-4139-AA58-C2476513A045}.Release|Any CPU.ActiveCfg = Release|Any CPU
		{840AA115-ECE2-4139-AA58-C2476513A045}.Release|Any CPU.Build.0 = Release|Any CPU
		{3E57BBFD-D558-40ED-B019-CE15629A420B}.Debug|Any CPU.ActiveCfg = Debug|Any CPU
		{3E57BBFD-D558-40ED-B019-CE15629A420B}.Debug|Any CPU.Build.0 = Debug|Any CPU
		{3E57BBFD-D558-40ED-B019-CE15629A420B}.Release|Any CPU.ActiveCfg = Release|Any CPU
		{3E57BBFD-D558-40ED-B019-CE15629A420B}.Release|Any CPU.Build.0 = Release|Any CPU
		{DCCF7954-0F5E-429B-8BC7-D65333C4010B}.Debug|Any CPU.ActiveCfg = Debug|Any CPU
		{DCCF7954-0F5E-429B-8BC7-D65333C4010B}.Debug|Any CPU.Build.0 = Debug|Any CPU
		{DCCF7954-0F5E-429B-8BC7-D65333C4010B}.Release|Any CPU.ActiveCfg = Release|Any CPU
		{DCCF7954-0F5E-429B-8BC7-D65333C4010B}.Release|Any CPU.Build.0 = Release|Any CPU
	EndGlobalSection
	GlobalSection(SolutionProperties) = preSolution
		HideSolutionNode = FALSE
	EndGlobalSection
	GlobalSection(ExtensibilityGlobals) = postSolution
		SolutionGuid = {43392E68-28B7-4109-84BC-ADF65174D7C7}
	EndGlobalSection
EndGlobal
